
Microsoft Visual Studio Solution File, Format Version 12.00
# Visual Studio Version 17
VisualStudioVersion = 17.4.33103.184
MinimumVisualStudioVersion = 10.0.40219.1
Project("{FAE04EC0-301F-11D3-BF4B-00C04F79EFBC}") = "Main", "Main\Main.csproj", "{45A0DC57-1A1D-4FE9-9946-F5221F1450B6}"
EndProject
Project("{FAE04EC0-301F-11D3-BF4B-00C04F79EFBC}") = "UserInterface", "UserInterface\UserInterface.csproj", "{2E398739-BE8E-4304-82E6-00972F69058E}"
EndProject
Project("{FAE04EC0-301F-11D3-BF4B-00C04F79EFBC}") = "MemoryGame", "MemoryGame\MemoryGame.csproj", "{0534740D-53C1-4D17-9837-A72AEEF726A1}"
EndProject
Global
	GlobalSection(SolutionConfigurationPlatforms) = preSolution
		Debug|Any CPU = Debug|Any CPU
		Release|Any CPU = Release|Any CPU
	EndGlobalSection
	GlobalSection(ProjectConfigurationPlatforms) = postSolution
		{45A0DC57-1A1D-4FE9-9946-F5221F1450B6}.Debug|Any CPU.ActiveCfg = Debug|Any CPU
		{45A0DC57-1A1D-4FE9-9946-F5221F1450B6}.Debug|Any CPU.Build.0 = Debug|Any CPU
		{45A0DC57-1A1D-4FE9-9946-F5221F1450B6}.Release|Any CPU.ActiveCfg = Release|Any CPU
		{45A0DC57-1A1D-4FE9-9946-F5221F1450B6}.Release|Any CPU.Build.0 = Release|Any CPU
		{2E398739-BE8E-4304-82E6-00972F69058E}.Debug|Any CPU.ActiveCfg = Debug|Any CPU
		{2E398739-BE8E-4304-82E6-00972F69058E}.Debug|Any CPU.Build.0 = Debug|Any CPU
		{2E398739-BE8E-4304-82E6-00972F69058E}.Release|Any CPU.ActiveCfg = Release|Any CPU
		{2E398739-BE8E-4304-82E6-00972F69058E}.Release|Any CPU.Build.0 = Release|Any CPU
		{0534740D-53C1-4D17-9837-A72AEEF726A1}.Debug|Any CPU.ActiveCfg = Debug|Any CPU
		{0534740D-53C1-4D17-9837-A72AEEF726A1}.Debug|Any CPU.Build.0 = Debug|Any CPU
		{0534740D-53C1-4D17-9837-A72AEEF726A1}.Release|Any CPU.ActiveCfg = Release|Any CPU
		{0534740D-53C1-4D17-9837-A72AEEF726A1}.Release|Any CPU.Build.0 = Release|Any CPU
	EndGlobalSection
	GlobalSection(SolutionProperties) = preSolution
		HideSolutionNode = FALSE
	EndGlobalSection
	GlobalSection(ExtensibilityGlobals) = postSolution
		SolutionGuid = {9972D746-8C97-4D70-AB1C-8E08C94D3DCB}
	EndGlobalSection
EndGlobal
